
Microsoft Visual Studio Solution File, Format Version 12.00
# Visual Studio Version 16
VisualStudioVersion = 16.0.31112.23
MinimumVisualStudioVersion = 10.0.40219.1
Project("{9A19103F-16F7-4668-BE54-9A1E7A4F7556}") = "Crossmarc.FileStorage.AWS.S3", "Crossmarc.FileStorage.AWS.S3\Crossmarc.FileStorage.AWS.S3.csproj", "{1E8E6141-0B22-4476-A3CC-8D93F2A32163}"
EndProject
Project("{9A19103F-16F7-4668-BE54-9A1E7A4F7556}") = "Crossmarc.Media.AWS.S3", "Crossmarc.Media.AWS.S3\Crossmarc.Media.AWS.S3.csproj", "{9B472C5E-DF79-4FE8-9745-D83643098D42}"
EndProject
Project("{2150E333-8FDC-42A3-9474-1A3956D46DE8}") = "Solution Items", "Solution Items", "{8CD107B7-D7D6-4BD5-ACBF-B043CB1EB94F}"
	ProjectSection(SolutionItems) = preProject
		README.md = README.md
	EndProjectSection
EndProject
Global
	GlobalSection(SolutionConfigurationPlatforms) = preSolution
		Debug|Any CPU = Debug|Any CPU
		Release|Any CPU = Release|Any CPU
	EndGlobalSection
	GlobalSection(ProjectConfigurationPlatforms) = postSolution
		{1E8E6141-0B22-4476-A3CC-8D93F2A32163}.Debug|Any CPU.ActiveCfg = Debug|Any CPU
		{1E8E6141-0B22-4476-A3CC-8D93F2A32163}.Debug|Any CPU.Build.0 = Debug|Any CPU
		{1E8E6141-0B22-4476-A3CC-8D93F2A32163}.Release|Any CPU.ActiveCfg = Release|Any CPU
		{1E8E6141-0B22-4476-A3CC-8D93F2A32163}.Release|Any CPU.Build.0 = Release|Any CPU
		{9B472C5E-DF79-4FE8-9745-D83643098D42}.Debug|Any CPU.ActiveCfg = Debug|Any CPU
		{9B472C5E-DF79-4FE8-9745-D83643098D42}.Debug|Any CPU.Build.0 = Debug|Any CPU
		{9B472C5E-DF79-4FE8-9745-D83643098D42}.Release|Any CPU.ActiveCfg = Release|Any CPU
		{9B472C5E-DF79-4FE8-9745-D83643098D42}.Release|Any CPU.Build.0 = Release|Any CPU
	EndGlobalSection
	GlobalSection(SolutionProperties) = preSolution
		HideSolutionNode = FALSE
	EndGlobalSection
	GlobalSection(ExtensibilityGlobals) = postSolution
		SolutionGuid = {E63F7255-70EC-4DCA-9FB3-3114681223BE}
	EndGlobalSection
EndGlobal
